
Microsoft Visual Studio Solution File, Format Version 12.00
Project("{FAE04EC0-301F-11D3-BF4B-00C04F79EFBC}") = "MelonCompat", "MelonCompat\MelonCompat.csproj", "{C23D1B6B-DEF9-4B17-ADE1-26E400D09C31}"
EndProject
Project("{2150E333-8FDC-42A3-9474-1A3956D46DE8}") = "Solution Items", "Solution Items", "{923D27DA-7456-4299-A729-95B094347052}"
	ProjectSection(SolutionItems) = preProject
		Directory.Build.props = Directory.Build.props
	EndProjectSection
EndProject
Project("{FAE04EC0-301F-11D3-BF4B-00C04F79EFBC}") = "Bootstrap", "Bootstrap\Bootstrap.csproj", "{88C8B617-2D28-4011-8A6C-D5BBA37A7CC8}"
EndProject
Global
	GlobalSection(SolutionConfigurationPlatforms) = preSolution
		Debug|Any CPU = Debug|Any CPU
		Release|Any CPU = Release|Any CPU
	EndGlobalSection
	GlobalSection(ProjectConfigurationPlatforms) = postSolution
		{C23D1B6B-DEF9-4B17-ADE1-26E400D09C31}.Debug|Any CPU.ActiveCfg = Debug|Any CPU
		{C23D1B6B-DEF9-4B17-ADE1-26E400D09C31}.Debug|Any CPU.Build.0 = Debug|Any CPU
		{C23D1B6B-DEF9-4B17-ADE1-26E400D09C31}.Release|Any CPU.ActiveCfg = Release|Any CPU
		{C23D1B6B-DEF9-4B17-ADE1-26E400D09C31}.Release|Any CPU.Build.0 = Release|Any CPU
		{88C8B617-2D28-4011-8A6C-D5BBA37A7CC8}.Debug|Any CPU.ActiveCfg = Debug|Any CPU
		{88C8B617-2D28-4011-8A6C-D5BBA37A7CC8}.Debug|Any CPU.Build.0 = Debug|Any CPU
		{88C8B617-2D28-4011-8A6C-D5BBA37A7CC8}.Release|Any CPU.ActiveCfg = Release|Any CPU
		{88C8B617-2D28-4011-8A6C-D5BBA37A7CC8}.Release|Any CPU.Build.0 = Release|Any CPU
	EndGlobalSection
EndGlobal
